
Microsoft Visual Studio Solution File, Format Version 12.00
# Visual Studio Version 17
VisualStudioVersion = 17.6.33723.286
MinimumVisualStudioVersion = 10.0.40219.1
Project("{2150E333-8FDC-42A3-9474-1A3956D46DE8}") = "Services", "Services", "{49FF9E09-48B3-4225-A98C-3F675AB3B39B}"
EndProject
Project("{2150E333-8FDC-42A3-9474-1A3956D46DE8}") = "Catalog", "Catalog", "{2BA86F70-FF58-43B9-B7E3-080FE166CAE9}"
EndProject
Project("{9A19103F-16F7-4668-BE54-9A1E7A4F7556}") = "Catalog.API", "Services\Catalog\Catalog.API\Catalog.API.csproj", "{25ACF2A1-DFB5-4A72-89A0-31E923A86931}"
EndProject
Project("{E53339B2-1760-4266-BCC7-CA923CBCF16C}") = "docker-compose", "docker-compose.dcproj", "{2B2BA009-72F4-4702-9208-117DDC5DDB7D}"
EndProject
Project("{2150E333-8FDC-42A3-9474-1A3956D46DE8}") = "Basket", "Basket", "{E9CAFCFF-0C1B-4D68-ACD8-09D1AA1B2AA8}"
EndProject
Project("{9A19103F-16F7-4668-BE54-9A1E7A4F7556}") = "Basket.API", "Services\Basket\Basket.API\Basket.API.csproj", "{978353C7-408C-496B-B616-AEB82E9B10D2}"
EndProject
Project("{2150E333-8FDC-42A3-9474-1A3956D46DE8}") = "Discount", "Discount", "{B5DADE77-C57F-4C69-B5DA-4088CE29C5F9}"
EndProject
Project("{9A19103F-16F7-4668-BE54-9A1E7A4F7556}") = "Discount.Grpc", "Services\Discount\Discount.Grpc\Discount.Grpc.csproj", "{D20F6E70-6965-4DD6-A5F3-8426B2ACC6AC}"
EndProject
Project("{9A19103F-16F7-4668-BE54-9A1E7A4F7556}") = "Discount.API", "Services\Discount\Discount.API\Discount.API.csproj", "{AAA5422F-AA60-47E0-AD33-11B9C186C353}"
EndProject
Project("{2150E333-8FDC-42A3-9474-1A3956D46DE8}") = "Ordering", "Ordering", "{DDCBEC78-3DA3-48F7-B22F-C45568371B90}"
EndProject
Project("{9A19103F-16F7-4668-BE54-9A1E7A4F7556}") = "Ordering.API", "Services\Ordering\Ordering.API\Ordering.API.csproj", "{93B8D005-5920-4264-984C-8F1791FCE058}"
EndProject
Project("{9A19103F-16F7-4668-BE54-9A1E7A4F7556}") = "Ordering.Domain", "Services\Ordering\Ordering.Domain\Ordering.Domain.csproj", "{FEC3A94D-2086-49E4-BAB9-781AE7F25987}"
EndProject
Project("{9A19103F-16F7-4668-BE54-9A1E7A4F7556}") = "Ordering.Application", "Services\Ordering\Ordering.Application\Ordering.Application.csproj", "{6E6372A6-0FC6-4500-8BD2-00840B91189C}"
EndProject
Project("{9A19103F-16F7-4668-BE54-9A1E7A4F7556}") = "Ordering.Infrastructure", "Services\Ordering\Ordering.Infrastructure\Ordering.Infrastructure.csproj", "{8941E205-6713-4EE0-8B8A-AC57871DC4E0}"
EndProject
Project("{2150E333-8FDC-42A3-9474-1A3956D46DE8}") = "BuildingBlocks", "BuildingBlocks", "{E8F32AD7-C878-4B00-A4A2-A3735C97E906}"
EndProject
Project("{FAE04EC0-301F-11D3-BF4B-00C04F79EFBC}") = "EventBus.Messages", "BuildingBlocks\EventBus.Messages\EventBus.Messages.csproj", "{3C8BBD16-70E8-41E5-8871-60675A1F36DA}"
EndProject
Global
	GlobalSection(SolutionConfigurationPlatforms) = preSolution
		Debug|Any CPU = Debug|Any CPU
		Release|Any CPU = Release|Any CPU
	EndGlobalSection
	GlobalSection(ProjectConfigurationPlatforms) = postSolution
		{25ACF2A1-DFB5-4A72-89A0-31E923A86931}.Debug|Any CPU.ActiveCfg = Debug|Any CPU
		{25ACF2A1-DFB5-4A72-89A0-31E923A86931}.Debug|Any CPU.Build.0 = Debug|Any CPU
		{25ACF2A1-DFB5-4A72-89A0-31E923A86931}.Release|Any CPU.ActiveCfg = Release|Any CPU
		{25ACF2A1-DFB5-4A72-89A0-31E923A86931}.Release|Any CPU.Build.0 = Release|Any CPU
		{2B2BA009-72F4-4702-9208-117DDC5DDB7D}.Debug|Any CPU.ActiveCfg = Debug|Any CPU
		{2B2BA009-72F4-4702-9208-117DDC5DDB7D}.Debug|Any CPU.Build.0 = Debug|Any CPU
		{2B2BA009-72F4-4702-9208-117DDC5DDB7D}.Release|Any CPU.ActiveCfg = Release|Any CPU
		{2B2BA009-72F4-4702-9208-117DDC5DDB7D}.Release|Any CPU.Build.0 = Release|Any CPU
		{978353C7-408C-496B-B616-AEB82E9B10D2}.Debug|Any CPU.ActiveCfg = Debug|Any CPU
		{978353C7-408C-496B-B616-AEB82E9B10D2}.Debug|Any CPU.Build.0 = Debug|Any CPU
		{978353C7-408C-496B-B616-AEB82E9B10D2}.Release|Any CPU.ActiveCfg = Release|Any CPU
		{978353C7-408C-496B-B616-AEB82E9B10D2}.Release|Any CPU.Build.0 = Release|Any CPU
		{D20F6E70-6965-4DD6-A5F3-8426B2ACC6AC}.Debug|Any CPU.ActiveCfg = Debug|Any CPU
		{D20F6E70-6965-4DD6-A5F3-8426B2ACC6AC}.Debug|Any CPU.Build.0 = Debug|Any CPU
		{D20F6E70-6965-4DD6-A5F3-8426B2ACC6AC}.Release|Any CPU.ActiveCfg = Release|Any CPU
		{D20F6E70-6965-4DD6-A5F3-8426B2ACC6AC}.Release|Any CPU.Build.0 = Release|Any CPU
		{AAA5422F-AA60-47E0-AD33-11B9C186C353}.Debug|Any CPU.ActiveCfg = Debug|Any CPU
		{AAA5422F-AA60-47E0-AD33-11B9C186C353}.Debug|Any CPU.Build.0 = Debug|Any CPU
		{AAA5422F-AA60-47E0-AD33-11B9C186C353}.Release|Any CPU.ActiveCfg = Release|Any CPU
		{AAA5422F-AA60-47E0-AD33-11B9C186C353}.Release|Any CPU.Build.0 = Release|Any CPU
		{93B8D005-5920-4264-984C-8F1791FCE058}.Debug|Any CPU.ActiveCfg = Debug|Any CPU
		{93B8D005-5920-4264-984C-8F1791FCE058}.Debug|Any CPU.Build.0 = Debug|Any CPU
		{93B8D005-5920-4264-984C-8F1791FCE058}.Release|Any CPU.ActiveCfg = Release|Any CPU
		{93B8D005-5920-4264-984C-8F1791FCE058}.Release|Any CPU.Build.0 = Release|Any CPU
		{FEC3A94D-2086-49E4-BAB9-781AE7F25987}.Debug|Any CPU.ActiveCfg = Debug|Any CPU
		{FEC3A94D-2086-49E4-BAB9-781AE7F25987}.Debug|Any CPU.Build.0 = Debug|Any CPU
		{FEC3A94D-2086-49E4-BAB9-781AE7F25987}.Release|Any CPU.ActiveCfg = Release|Any CPU
		{FEC3A94D-2086-49E4-BAB9-781AE7F25987}.Release|Any CPU.Build.0 = Release|Any CPU
		{6E6372A6-0FC6-4500-8BD2-00840B91189C}.Debug|Any CPU.ActiveCfg = Debug|Any CPU
		{6E6372A6-0FC6-4500-8BD2-00840B91189C}.Debug|Any CPU.Build.0 = Debug|Any CPU
		{6E6372A6-0FC6-4500-8BD2-00840B91189C}.Release|Any CPU.ActiveCfg = Release|Any CPU
		{6E6372A6-0FC6-4500-8BD2-00840B91189C}.Release|Any CPU.Build.0 = Release|Any CPU
		{8941E205-6713-4EE0-8B8A-AC57871DC4E0}.Debug|Any CPU.ActiveCfg = Debug|Any CPU
		{8941E205-6713-4EE0-8B8A-AC57871DC4E0}.Debug|Any CPU.Build.0 = Debug|Any CPU
		{8941E205-6713-4EE0-8B8A-AC57871DC4E0}.Release|Any CPU.ActiveCfg = Release|Any CPU
		{8941E205-6713-4EE0-8B8A-AC57871DC4E0}.Release|Any CPU.Build.0 = Release|Any CPU
		{3C8BBD16-70E8-41E5-8871-60675A1F36DA}.Debug|Any CPU.ActiveCfg = Debug|Any CPU
		{3C8BBD16-70E8-41E5-8871-60675A1F36DA}.Debug|Any CPU.Build.0 = Debug|Any CPU
		{3C8BBD16-70E8-41E5-8871-60675A1F36DA}.Release|Any CPU.ActiveCfg = Release|Any CPU
		{3C8BBD16-70E8-41E5-8871-60675A1F36DA}.Release|Any CPU.Build.0 = Release|Any CPU
	EndGlobalSection
	GlobalSection(SolutionProperties) = preSolution
		HideSolutionNode = FALSE
	EndGlobalSection
	GlobalSection(NestedProjects) = preSolution
		{2BA86F70-FF58-43B9-B7E3-080FE166CAE9} = {49FF9E09-48B3-4225-A98C-3F675AB3B39B}
		{25ACF2A1-DFB5-4A72-89A0-31E923A86931} = {2BA86F70-FF58-43B9-B7E3-080FE166CAE9}
		{E9CAFCFF-0C1B-4D68-ACD8-09D1AA1B2AA8} = {49FF9E09-48B3-4225-A98C-3F675AB3B39B}
		{978353C7-408C-496B-B616-AEB82E9B10D2} = {E9CAFCFF-0C1B-4D68-ACD8-09D1AA1B2AA8}
		{B5DADE77-C57F-4C69-B5DA-4088CE29C5F9} = {49FF9E09-48B3-4225-A98C-3F675AB3B39B}
		{D20F6E70-6965-4DD6-A5F3-8426B2ACC6AC} = {B5DADE77-C57F-4C69-B5DA-4088CE29C5F9}
		{AAA5422F-AA60-47E0-AD33-11B9C186C353} = {B5DADE77-C57F-4C69-B5DA-4088CE29C5F9}
		{DDCBEC78-3DA3-48F7-B22F-C45568371B90} = {49FF9E09-48B3-4225-A98C-3F675AB3B39B}
		{93B8D005-5920-4264-984C-8F1791FCE058} = {DDCBEC78-3DA3-48F7-B22F-C45568371B90}
		{FEC3A94D-2086-49E4-BAB9-781AE7F25987} = {DDCBEC78-3DA3-48F7-B22F-C45568371B90}
		{6E6372A6-0FC6-4500-8BD2-00840B91189C} = {DDCBEC78-3DA3-48F7-B22F-C45568371B90}
		{8941E205-6713-4EE0-8B8A-AC57871DC4E0} = {DDCBEC78-3DA3-48F7-B22F-C45568371B90}
		{3C8BBD16-70E8-41E5-8871-60675A1F36DA} = {E8F32AD7-C878-4B00-A4A2-A3735C97E906}
	EndGlobalSection
	GlobalSection(ExtensibilityGlobals) = postSolution
		SolutionGuid = {9B9C1902-2C70-4A69-9DC4-0A76C2BFA666}
	EndGlobalSection
EndGlobal
